
Microsoft Visual Studio Solution File, Format Version 12.00
# Visual Studio 15
VisualStudioVersion = 15.0.28307.572
MinimumVisualStudioVersion = 10.0.40219.1
Project("{FAE04EC0-301F-11D3-BF4B-00C04F79EFBC}") = "WebApplication13", "WebApplication13\WebApplication13.csproj", "{B08DFF94-07DF-43FF-A3E7-AD1155EC976B}"
EndProject
Global
	GlobalSection(SolutionConfigurationPlatforms) = preSolution
		Debug|Any CPU = Debug|Any CPU
		Release|Any CPU = Release|Any CPU
	EndGlobalSection
	GlobalSection(ProjectConfigurationPlatforms) = postSolution
		{B08DFF94-07DF-43FF-A3E7-AD1155EC976B}.Debug|Any CPU.ActiveCfg = Debug|Any CPU
		{B08DFF94-07DF-43FF-A3E7-AD1155EC976B}.Debug|Any CPU.Build.0 = Debug|Any CPU
		{B08DFF94-07DF-43FF-A3E7-AD1155EC976B}.Release|Any CPU.ActiveCfg = Release|Any CPU
		{B08DFF94-07DF-43FF-A3E7-AD1155EC976B}.Release|Any CPU.Build.0 = Release|Any CPU
	EndGlobalSection
	GlobalSection(SolutionProperties) = preSolution
		HideSolutionNode = FALSE
	EndGlobalSection
	GlobalSection(ExtensibilityGlobals) = postSolution
		SolutionGuid = {1FF62450-6971-4315-B54C-DCE0CC65A961}
	EndGlobalSection
EndGlobal
